
Microsoft Visual Studio Solution File, Format Version 12.00
# Visual Studio Version 17
VisualStudioVersion = 17.2.32602.215
MinimumVisualStudioVersion = 10.0.40219.1
Project("{FAE04EC0-301F-11D3-BF4B-00C04F79EFBC}") = "ExHerancaPolimorfismo2", "ExHerancaPolimorfismo2\ExHerancaPolimorfismo2.csproj", "{D6BE2926-CA95-4038-9531-24DF477E053F}"
EndProject
Global
	GlobalSection(SolutionConfigurationPlatforms) = preSolution
		Debug|Any CPU = Debug|Any CPU
		Release|Any CPU = Release|Any CPU
	EndGlobalSection
	GlobalSection(ProjectConfigurationPlatforms) = postSolution
		{D6BE2926-CA95-4038-9531-24DF477E053F}.Debug|Any CPU.ActiveCfg = Debug|Any CPU
		{D6BE2926-CA95-4038-9531-24DF477E053F}.Debug|Any CPU.Build.0 = Debug|Any CPU
		{D6BE2926-CA95-4038-9531-24DF477E053F}.Release|Any CPU.ActiveCfg = Release|Any CPU
		{D6BE2926-CA95-4038-9531-24DF477E053F}.Release|Any CPU.Build.0 = Release|Any CPU
	EndGlobalSection
	GlobalSection(SolutionProperties) = preSolution
		HideSolutionNode = FALSE
	EndGlobalSection
	GlobalSection(ExtensibilityGlobals) = postSolution
		SolutionGuid = {F5CF3B2B-B34C-4A78-B7DC-569989EAFED7}
	EndGlobalSection
EndGlobal
