
Microsoft Visual Studio Solution File, Format Version 12.00
# Visual Studio Version 17
VisualStudioVersion = 17.2.32602.215
MinimumVisualStudioVersion = 10.0.40219.1
Project("{FAE04EC0-301F-11D3-BF4B-00C04F79EFBC}") = "ExExceptions1", "ExExceptions1\ExExceptions1.csproj", "{2EC45CBE-85E0-4D46-A9F5-5AF6403429FB}"
EndProject
Global
	GlobalSection(SolutionConfigurationPlatforms) = preSolution
		Debug|Any CPU = Debug|Any CPU
		Release|Any CPU = Release|Any CPU
	EndGlobalSection
	GlobalSection(ProjectConfigurationPlatforms) = postSolution
		{2EC45CBE-85E0-4D46-A9F5-5AF6403429FB}.Debug|Any CPU.ActiveCfg = Debug|Any CPU
		{2EC45CBE-85E0-4D46-A9F5-5AF6403429FB}.Debug|Any CPU.Build.0 = Debug|Any CPU
		{2EC45CBE-85E0-4D46-A9F5-5AF6403429FB}.Release|Any CPU.ActiveCfg = Release|Any CPU
		{2EC45CBE-85E0-4D46-A9F5-5AF6403429FB}.Release|Any CPU.Build.0 = Release|Any CPU
	EndGlobalSection
	GlobalSection(SolutionProperties) = preSolution
		HideSolutionNode = FALSE
	EndGlobalSection
	GlobalSection(ExtensibilityGlobals) = postSolution
		SolutionGuid = {2BA14B85-6560-4AF2-A3FF-36440429A329}
	EndGlobalSection
EndGlobal
